{
  "nodes": {
    "flake-utils": {
      "locked": {
        "lastModified": 1678901627,
        "narHash": "sha256-U02riOqrKKzwjsxc/400XnElV+UtPUQWpANPlyazjH0=",
        "owner": "numtide",
        "repo": "flake-utils",
        "rev": "93a2b84fc4b70d9e089d029deacc3583435c2ed6",
        "type": "github"
      },
      "original": {
        "owner": "numtide",
        "repo": "flake-utils",
        "type": "github"
      }
    },
    "nixpkgs": {
      "locked": {
        "lastModified": 1680487167,
        "narHash": "sha256-9FNIqrxDZgSliGGN2XJJSvcDYmQbgOANaZA4UWnTdg4=",
        "owner": "NixOS",
        "repo": "nixpkgs",
        "rev": "53dad94e874c9586e71decf82d972dfb640ef044",
        "type": "github"
      },
      "original": {
        "id": "nixpkgs",
        "ref": "nixos-unstable",
        "type": "indirect"
      }
    },
    "nixpkgs_2": {
      "locked": {
        "lastModified": 1680480876,
        "narHash": "sha256-Xmb4hOhwyYnD8RXCb3ZtjBN2talE14O0geeUxzdE1+8=",
        "owner": "NixOS",
        "repo": "nixpkgs",
        "rev": "f521f4613355f8628fe378dad4c41d3fd8886966",
        "type": "github"
      },
      "original": {
        "owner": "NixOS",
        "repo": "nixpkgs",
        "rev": "f521f4613355f8628fe378dad4c41d3fd8886966",
        "type": "github"
      }
    },
    "ocaml": {
      "inputs": {
        "flake-utils": "flake-utils",
        "nixpkgs": "nixpkgs_2"
      },
      "locked": {
        "lastModified": 1680538699,
        "narHash": "sha256-0un9Iyt437edWOeZ3oP9iYhjYtCfQKCMprL902Eo2Ck=",
        "owner": "nix-ocaml",
        "repo": "nix-overlays",
        "rev": "9287d78084ac4c0b69bff81cd6afacc4ff98c4a9",
        "type": "github"
      },
      "original": {
        "owner": "nix-ocaml",
        "repo": "nix-overlays",
        "type": "github"
      }
    },
    "root": {
      "inputs": {
        "nixpkgs": "nixpkgs",
        "ocaml": "ocaml",
        "utils": "utils"
      }
    },
    "utils": {
      "locked": {
        "lastModified": 1678901627,
        "narHash": "sha256-U02riOqrKKzwjsxc/400XnElV+UtPUQWpANPlyazjH0=",
        "owner": "numtide",
        "repo": "flake-utils",
        "rev": "93a2b84fc4b70d9e089d029deacc3583435c2ed6",
        "type": "github"
      },
      "original": {
        "owner": "numtide",
        "repo": "flake-utils",
        "type": "github"
      }
    }
  },
  "root": "root",
  "version": 7
}
